// !$*UTF8*$!
{
	archiveVersion = 1;
	classes = {
	};
	objectVersion = 55;
	objects = {

/* Begin PBXBuildFile section */
		9B6824D8281BE7FC00EA233C /* AppDelegate.swift in Sources */ = {isa = PBXBuildFile; fileRef = 9B6824D7281BE7FC00EA233C /* AppDelegate.swift */; };
		9B6824DA281BE7FC00EA233C /* SceneDelegate.swift in Sources */ = {isa = PBXBuildFile; fileRef = 9B6824D9281BE7FC00EA233C /* SceneDelegate.swift */; };
		9B6824DC281BE7FC00EA233C /* ViewController.swift in Sources */ = {isa = PBXBuildFile; fileRef = 9B6824DB281BE7FC00EA233C /* ViewController.swift */; };
		9B6824DF281BE7FC00EA233C /* Main.storyboard in Resources */ = {isa = PBXBuildFile; fileRef = 9B6824DD281BE7FC00EA233C /* Main.storyboard */; };
		9B6824E2281BE7FC00EA233C /* GroceryApp.xcdatamodeld in Sources */ = {isa = PBXBuildFile; fileRef = 9B6824E0281BE7FC00EA233C /* GroceryApp.xcdatamodeld */; };
		9B6824E4281BE7FE00EA233C /* Assets.xcassets in Resources */ = {isa = PBXBuildFile; fileRef = 9B6824E3281BE7FE00EA233C /* Assets.xcassets */; };
		9B6824E7281BE7FE00EA233C /* LaunchScreen.storyboard in Resources */ = {isa = PBXBuildFile; fileRef = 9B6824E5281BE7FE00EA233C /* LaunchScreen.storyboard */; };
		9B6824F2281BE7FE00EA233C /* GroceryAppTests.swift in Sources */ = {isa = PBXBuildFile; fileRef = 9B6824F1281BE7FE00EA233C /* GroceryAppTests.swift */; };
		9B6824FC281BE7FE00EA233C /* GroceryAppUITests.swift in Sources */ = {isa = PBXBuildFile; fileRef = 9B6824FB281BE7FE00EA233C /* GroceryAppUITests.swift */; };
		9B6824FE281BE7FE00EA233C /* GroceryAppUITestsLaunchTests.swift in Sources */ = {isa = PBXBuildFile; fileRef = 9B6824FD281BE7FE00EA233C /* GroceryAppUITestsLaunchTests.swift */; };
/* End PBXBuildFile section */

/* Begin PBXContainerItemProxy section */
		9B6824EE281BE7FE00EA233C /* PBXContainerItemProxy */ = {
			isa = PBXContainerItemProxy;
			containerPortal = 9B6824CC281BE7FC00EA233C /* Project object */;
			proxyType = 1;
			remoteGlobalIDString = 9B6824D3281BE7FC00EA233C;
			remoteInfo = GroceryApp;
		};
		9B6824F8281BE7FE00EA233C /* PBXContainerItemProxy */ = {
			isa = PBXContainerItemProxy;
			containerPortal = 9B6824CC281BE7FC00EA233C /* Project object */;
			proxyType = 1;
			remoteGlobalIDString = 9B6824D3281BE7FC00EA233C;
			remoteInfo = GroceryApp;
		};
/* End PBXContainerItemProxy section */

/* Begin PBXFileReference section */
		9B6824D4281BE7FC00EA233C /* GroceryApp.app */ = {isa = PBXFileReference; explicitFileType = wrapper.application; includeInIndex = 0; path = GroceryApp.app; sourceTree = BUILT_PRODUCTS_DIR; };
		9B6824D7281BE7FC00EA233C /* AppDelegate.swift */ = {isa = PBXFileReference; lastKnownFileType = sourcecode.swift; path = AppDelegate.swift; sourceTree = "<group>"; };
		9B6824D9281BE7FC00EA233C /* SceneDelegate.swift */ = {isa = PBXFileReference; lastKnownFileType = sourcecode.swift; path = SceneDelegate.swift; sourceTree = "<group>"; };
		9B6824DB281BE7FC00EA233C /* ViewController.swift */ = {isa = PBXFileReference; lastKnownFileType = sourcecode.swift; path = ViewController.swift; sourceTree = "<group>"; };
		9B6824DE281BE7FC00EA233C /* Base */ = {isa = PBXFileReference; lastKnownFileType = file.storyboard; name = Base; path = Base.lproj/Main.storyboard; sourceTree = "<group>"; };
		9B6824E1281BE7FC00EA233C /* GroceryApp.xcdatamodel */ = {isa = PBXFileReference; lastKnownFileType = wrapper.xcdatamodel; path = GroceryApp.xcdatamodel; sourceTree = "<group>"; };
		9B6824E3281BE7FE00EA233C /* Assets.xcassets */ = {isa = PBXFileReference; lastKnownFileType = folder.assetcatalog; path = Assets.xcassets; sourceTree = "<group>"; };
		9B6824E6281BE7FE00EA233C /* Base */ = {isa = PBXFileReference; lastKnownFileType = file.storyboard; name = Base; path = Base.lproj/LaunchScreen.storyboard; sourceTree = "<group>"; };
		9B6824E8281BE7FE00EA233C /* Info.plist */ = {isa = PBXFileReference; lastKnownFileType = text.plist.xml; path = Info.plist; sourceTree = "<group>"; };
		9B6824ED281BE7FE00EA233C /* GroceryAppTests.xctest */ = {isa = PBXFileReference; explicitFileType = wrapper.cfbundle; includeInIndex = 0; path = GroceryAppTests.xctest; sourceTree = BUILT_PRODUCTS_DIR; };
		9B6824F1281BE7FE00EA233C /* GroceryAppTests.swift */ = {isa = PBXFileReference; lastKnownFileType = sourcecode.swift; path = GroceryAppTests.swift; sourceTree = "<group>"; };
		9B6824F7281BE7FE00EA233C /* GroceryAppUITests.xctest */ = {isa = PBXFileReference; explicitFileType = wrapper.cfbundle; includeInIndex = 0; path = GroceryAppUITests.xctest; sourceTree = BUILT_PRODUCTS_DIR; };
		9B6824FB281BE7FE00EA233C /* GroceryAppUITests.swift */ = {isa = PBXFileReference; lastKnownFileType = sourcecode.swift; path = GroceryAppUITests.swift; sourceTree = "<group>"; };
		9B6824FD281BE7FE00EA233C /* GroceryAppUITestsLaunchTests.swift */ = {isa = PBXFileReference; lastKnownFileType = sourcecode.swift; path = GroceryAppUITestsLaunchTests.swift; sourceTree = "<group>"; };
/* End PBXFileReference section */

/* Begin PBXFrameworksBuildPhase section */
		9B6824D1281BE7FC00EA233C /* Frameworks */ = {
			isa = PBXFrameworksBuildPhase;
			buildActionMask = 2147483647;
			files = (
			);
			runOnlyForDeploymentPostprocessing = 0;
		};
		9B6824EA281BE7FE00EA233C /* Frameworks */ = {
			isa = PBXFrameworksBuildPhase;
			buildActionMask = 2147483647;
			files = (
			);
			runOnlyForDeploymentPostprocessing = 0;
		};
		9B6824F4281BE7FE00EA233C /* Frameworks */ = {
			isa = PBXFrameworksBuildPhase;
			buildActionMask = 2147483647;
			files = (
			);
			runOnlyForDeploymentPostprocessing = 0;
		};
/* End PBXFrameworksBuildPhase section */

/* Begin PBXGroup section */
		9B6824CB281BE7FC00EA233C = {
			isa = PBXGroup;
			children = (
				9B6824D6281BE7FC00EA233C /* GroceryApp */,
				9B6824F0281BE7FE00EA233C /* GroceryAppTests */,
				9B6824FA281BE7FE00EA233C /* GroceryAppUITests */,
				9B6824D5281BE7FC00EA233C /* Products */,
			);
			sourceTree = "<group>";
		};
		9B6824D5281BE7FC00EA233C /* Products */ = {
			isa = PBXGroup;
			children = (
				9B6824D4281BE7FC00EA233C /* GroceryApp.app */,
				9B6824ED281BE7FE00EA233C /* GroceryAppTests.xctest */,
				9B6824F7281BE7FE00EA233C /* GroceryAppUITests.xctest */,
			);
			name = Products;
			sourceTree = "<group>";
		};
		9B6824D6281BE7FC00EA233C /* GroceryApp */ = {
			isa = PBXGroup;
			children = (
				9B6824D7281BE7FC00EA233C /* AppDelegate.swift */,
				9B6824D9281BE7FC00EA233C /* SceneDelegate.swift */,
				9B6824DB281BE7FC00EA233C /* ViewController.swift */,
				9B6824DD281BE7FC00EA233C /* Main.storyboard */,
				9B6824E3281BE7FE00EA233C /* Assets.xcassets */,
				9B6824E5281BE7FE00EA233C /* LaunchScreen.storyboard */,
				9B6824E8281BE7FE00EA233C /* Info.plist */,
				9B6824E0281BE7FC00EA233C /* GroceryApp.xcdatamodeld */,
			);
			path = GroceryApp;
			sourceTree = "<group>";
		};
		9B6824F0281BE7FE00EA233C /* GroceryAppTests */ = {
			isa = PBXGroup;
			children = (
				9B6824F1281BE7FE00EA233C /* GroceryAppTests.swift */,
			);
			path = GroceryAppTests;
			sourceTree = "<group>";
		};
		9B6824FA281BE7FE00EA233C /* GroceryAppUITests */ = {
			isa = PBXGroup;
			children = (
				9B6824FB281BE7FE00EA233C /* GroceryAppUITests.swift */,
				9B6824FD281BE7FE00EA233C /* GroceryAppUITestsLaunchTests.swift */,
			);
			path = GroceryAppUITests;
			sourceTree = "<group>";
		};
/* End PBXGroup section */

/* Begin PBXNativeTarget section */
		9B6824D3281BE7FC00EA233C /* GroceryApp */ = {
			isa = PBXNativeTarget;
			buildConfigurationList = 9B682501281BE7FE00EA233C /* Build configuration list for PBXNativeTarget "GroceryApp" */;
			buildPhases = (
				9B6824D0281BE7FC00EA233C /* Sources */,
				9B6824D1281BE7FC00EA233C /* Frameworks */,
				9B6824D2281BE7FC00EA233C /* Resources */,
			);
			buildRules = (
			);
			dependencies = (
			);
			name = GroceryApp;
			productName = GroceryApp;
			productReference = 9B6824D4281BE7FC00EA233C /* GroceryApp.app */;
			productType = "com.apple.product-type.application";
		};
		9B6824EC281BE7FE00EA233C /* GroceryAppTests */ = {
			isa = PBXNativeTarget;
			buildConfigurationList = 9B682504281BE7FE00EA233C /* Build configuration list for PBXNativeTarget "GroceryAppTests" */;
			buildPhases = (
				9B6824E9281BE7FE00EA233C /* Sources */,
				9B6824EA281BE7FE00EA233C /* Frameworks */,
				9B6824EB281BE7FE00EA233C /* Resources */,
			);
			buildRules = (
			);
			dependencies = (
				9B6824EF281BE7FE00EA233C /* PBXTargetDependency */,
			);
			name = GroceryAppTests;
			productName = GroceryAppTests;
			productReference = 9B6824ED281BE7FE00EA233C /* GroceryAppTests.xctest */;
			productType = "com.apple.product-type.bundle.unit-test";
		};
		9B6824F6281BE7FE00EA233C /* GroceryAppUITests */ = {
			isa = PBXNativeTarget;
			buildConfigurationList = 9B682507281BE7FE00EA233C /* Build configuration list for PBXNativeTarget "GroceryAppUITests" */;
			buildPhases = (
				9B6824F3281BE7FE00EA233C /* Sources */,
				9B6824F4281BE7FE00EA233C /* Frameworks */,
				9B6824F5281BE7FE00EA233C /* Resources */,
			);
			buildRules = (
			);
			dependencies = (
				9B6824F9281BE7FE00EA233C /* PBXTargetDependency */,
			);
			name = GroceryAppUITests;
			productName = GroceryAppUITests;
			productReference = 9B6824F7281BE7FE00EA233C /* GroceryAppUITests.xctest */;
			productType = "com.apple.product-type.bundle.ui-testing";
		};
/* End PBXNativeTarget section */

/* Begin PBXProject section */
		9B6824CC281BE7FC00EA233C /* Project object */ = {
			isa = PBXProject;
			attributes = {
				BuildIndependentTargetsInParallel = 1;
				LastSwiftUpdateCheck = 1330;
				LastUpgradeCheck = 1330;
				TargetAttributes = {
					9B6824D3281BE7FC00EA233C = {
						CreatedOnToolsVersion = 13.3;
					};
					9B6824EC281BE7FE00EA233C = {
						CreatedOnToolsVersion = 13.3;
						TestTargetID = 9B6824D3281BE7FC00EA233C;
					};
					9B6824F6281BE7FE00EA233C = {
						CreatedOnToolsVersion = 13.3;
						TestTargetID = 9B6824D3281BE7FC00EA233C;
					};
				};
			};
			buildConfigurationList = 9B6824CF281BE7FC00EA233C /* Build configuration list for PBXProject "GroceryApp" */;
			compatibilityVersion = "Xcode 13.0";
			developmentRegion = en;
			hasScannedForEncodings = 0;
			knownRegions = (
				en,
				Base,
			);
			mainGroup = 9B6824CB281BE7FC00EA233C;
			productRefGroup = 9B6824D5281BE7FC00EA233C /* Products */;
			projectDirPath = "";
			projectRoot = "";
			targets = (
				9B6824D3281BE7FC00EA233C /* GroceryApp */,
				9B6824EC281BE7FE00EA233C /* GroceryAppTests */,
				9B6824F6281BE7FE00EA233C /* GroceryAppUITests */,
			);
		};
/* End PBXProject section */

/* Begin PBXResourcesBuildPhase section */
		9B6824D2281BE7FC00EA233C /* Resources */ = {
			isa = PBXResourcesBuildPhase;
			buildActionMask = 2147483647;
			files = (
				9B6824E7281BE7FE00EA233C /* LaunchScreen.storyboard in Resources */,
				9B6824E4281BE7FE00EA233C /* Assets.xcassets in Resources */,
				9B6824DF281BE7FC00EA233C /* Main.storyboard in Resources */,
			);
			runOnlyForDeploymentPostprocessing = 0;
		};
		9B6824EB281BE7FE00EA233C /* Resources */ = {
			isa = PBXResourcesBuildPhase;
			buildActionMask = 2147483647;
			files = (
			);
			runOnlyForDeploymentPostprocessing = 0;
		};
		9B6824F5281BE7FE00EA233C /* Resources */ = {
			isa = PBXResourcesBuildPhase;
			buildActionMask = 2147483647;
			files = (
			);
			runOnlyForDeploymentPostprocessing = 0;
		};
/* End PBXResourcesBuildPhase section */

/* Begin PBXSourcesBuildPhase section */
		9B6824D0281BE7FC00EA233C /* Sources */ = {
			isa = PBXSourcesBuildPhase;
			buildActionMask = 2147483647;
			files = (
				9B6824DC281BE7FC00EA233C /* ViewController.swift in Sources */,
				9B6824D8281BE7FC00EA233C /* AppDelegate.swift in Sources */,
				9B6824DA281BE7FC00EA233C /* SceneDelegate.swift in Sources */,
				9B6824E2281BE7FC00EA233C /* GroceryApp.xcdatamodeld in Sources */,
			);
			runOnlyForDeploymentPostprocessing = 0;
		};
		9B6824E9281BE7FE00EA233C /* Sources */ = {
			isa = PBXSourcesBuildPhase;
			buildActionMask = 2147483647;
			files = (
				9B6824F2281BE7FE00EA233C /* GroceryAppTests.swift in Sources */,
			);
			runOnlyForDeploymentPostprocessing = 0;
		};
		9B6824F3281BE7FE00EA233C /* Sources */ = {
			isa = PBXSourcesBuildPhase;
			buildActionMask = 2147483647;
			files = (
				9B6824FE281BE7FE00EA233C /* GroceryAppUITestsLaunchTests.swift in Sources */,
				9B6824FC281BE7FE00EA233C /* GroceryAppUITests.swift in Sources */,
			);
			runOnlyForDeploymentPostprocessing = 0;
		};
/* End PBXSourcesBuildPhase section */

/* Begin PBXTargetDependency section */
		9B6824EF281BE7FE00EA233C /* PBXTargetDependency */ = {
			isa = PBXTargetDependency;
			target = 9B6824D3281BE7FC00EA233C /* GroceryApp */;
			targetProxy = 9B6824EE281BE7FE00EA233C /* PBXContainerItemProxy */;
		};
		9B6824F9281BE7FE00EA233C /* PBXTargetDependency */ = {
			isa = PBXTargetDependency;
			target = 9B6824D3281BE7FC00EA233C /* GroceryApp */;
			targetProxy = 9B6824F8281BE7FE00EA233C /* PBXContainerItemProxy */;
		};
/* End PBXTargetDependency section */

/* Begin PBXVariantGroup section */
		9B6824DD281BE7FC00EA233C /* Main.storyboard */ = {
			isa = PBXVariantGroup;
			children = (
				9B6824DE281BE7FC00EA233C /* Base */,
			);
			name = Main.storyboard;
			sourceTree = "<group>";
		};
		9B6824E5281BE7FE00EA233C /* LaunchScreen.storyboard */ = {
			isa = PBXVariantGroup;
			children = (
				9B6824E6281BE7FE00EA233C /* Base */,
			);
			name = LaunchScreen.storyboard;
			sourceTree = "<group>";
		};
/* End PBXVariantGroup section */

/* Begin XCBuildConfiguration section */
		9B6824FF281BE7FE00EA233C /* Debug */ = {
			isa = XCBuildConfiguration;
			buildSettings = {
				ALWAYS_SEARCH_USER_PATHS = NO;
				CLANG_ANALYZER_NONNULL = YES;
				CLANG_ANALYZER_NUMBER_OBJECT_CONVERSION = YES_AGGRESSIVE;
				CLANG_CXX_LANGUAGE_STANDARD = "gnu++17";
				CLANG_ENABLE_MODULES = YES;
				CLANG_ENABLE_OBJC_ARC = YES;
				CLANG_ENABLE_OBJC_WEAK = YES;
				CLANG_WARN_BLOCK_CAPTURE_AUTORELEASING = YES;
				CLANG_WARN_BOOL_CONVERSION = YES;
				CLANG_WARN_COMMA = YES;
				CLANG_WARN_CONSTANT_CONVERSION = YES;
				CLANG_WARN_DEPRECATED_OBJC_IMPLEMENTATIONS = YES;
				CLANG_WARN_DIRECT_OBJC_ISA_USAGE = YES_ERROR;
				CLANG_WARN_DOCUMENTATION_COMMENTS = YES;
				CLANG_WARN_EMPTY_BODY = YES;
				CLANG_WARN_ENUM_CONVERSION = YES;
				CLANG_WARN_INFINITE_RECURSION = YES;
				CLANG_WARN_INT_CONVERSION = YES;
				CLANG_WARN_NON_LITERAL_NULL_CONVERSION = YES;
				CLANG_WARN_OBJC_IMPLICIT_RETAIN_SELF = YES;
				CLANG_WARN_OBJC_LITERAL_CONVERSION = YES;
				CLANG_WARN_OBJC_ROOT_CLASS = YES_ERROR;
				CLANG_WARN_QUOTED_INCLUDE_IN_FRAMEWORK_HEADER = YES;
				CLANG_WARN_RANGE_LOOP_ANALYSIS = YES;
				CLANG_WARN_STRICT_PROTOTYPES = YES;
				CLANG_WARN_SUSPICIOUS_MOVE = YES;
				CLANG_WARN_UNGUARDED_AVAILABILITY = YES_AGGRESSIVE;
				CLANG_WARN_UNREACHABLE_CODE = YES;
				CLANG_WARN__DUPLICATE_METHOD_MATCH = YES;
				COPY_PHASE_STRIP = NO;
				DEBUG_INFORMATION_FORMAT = dwarf;
				ENABLE_STRICT_OBJC_MSGSEND = YES;
				ENABLE_TESTABILITY = YES;
				GCC_C_LANGUAGE_STANDARD = gnu11;
				GCC_DYNAMIC_NO_PIC = NO;
				GCC_NO_COMMON_BLOCKS = YES;
				GCC_OPTIMIZATION_LEVEL = 0;
				GCC_PREPROCESSOR_DEFINITIONS = (
					"DEBUG=1",
					"$(inherited)",
				);
				GCC_WARN_64_TO_32_BIT_CONVERSION = YES;
				GCC_WARN_ABOUT_RETURN_TYPE = YES_ERROR;
				GCC_WARN_UNDECLARED_SELECTOR = YES;
				GCC_WARN_UNINITIALIZED_AUTOS = YES_AGGRESSIVE;
				GCC_WARN_UNUSED_FUNCTION = YES;
				GCC_WARN_UNUSED_VARIABLE = YES;
				IPHONEOS_DEPLOYMENT_TARGET = 15.4;
				MTL_ENABLE_DEBUG_INFO = INCLUDE_SOURCE;
				MTL_FAST_MATH = YES;
				ONLY_ACTIVE_ARCH = YES;
				SDKROOT = iphoneos;
				SWIFT_ACTIVE_COMPILATION_CONDITIONS = DEBUG;
				SWIFT_OPTIMIZATION_LEVEL = "-Onone";
			};
			name = Debug;
		};
		9B682500281BE7FE00EA233C /* Release */ = {
			isa = XCBuildConfiguration;
			buildSettings = {
				ALWAYS_SEARCH_USER_PATHS = NO;
				CLANG_ANALYZER_NONNULL = YES;
				CLANG_ANALYZER_NUMBER_OBJECT_CONVERSION = YES_AGGRESSIVE;
				CLANG_CXX_LANGUAGE_STANDARD = "gnu++17";
				CLANG_ENABLE_MODULES = YES;
				CLANG_ENABLE_OBJC_ARC = YES;
				CLANG_ENABLE_OBJC_WEAK = YES;
				CLANG_WARN_BLOCK_CAPTURE_AUTORELEASING = YES;
				CLANG_WARN_BOOL_CONVERSION = YES;
				CLANG_WARN_COMMA = YES;
				CLANG_WARN_CONSTANT_CONVERSION = YES;
				CLANG_WARN_DEPRECATED_OBJC_IMPLEMENTATIONS = YES;
				CLANG_WARN_DIRECT_OBJC_ISA_USAGE = YES_ERROR;
				CLANG_WARN_DOCUMENTATION_COMMENTS = YES;
				CLANG_WARN_EMPTY_BODY = YES;
				CLANG_WARN_ENUM_CONVERSION = YES;
				CLANG_WARN_INFINITE_RECURSION = YES;
				CLANG_WARN_INT_CONVERSION = YES;
				CLANG_WARN_NON_LITERAL_NULL_CONVERSION = YES;
				CLANG_WARN_OBJC_IMPLICIT_RETAIN_SELF = YES;
				CLANG_WARN_OBJC_LITERAL_CONVERSION = YES;
				CLANG_WARN_OBJC_ROOT_CLASS = YES_ERROR;
				CLANG_WARN_QUOTED_INCLUDE_IN_FRAMEWORK_HEADER = YES;
				CLANG_WARN_RANGE_LOOP_ANALYSIS = YES;
				CLANG_WARN_STRICT_PROTOTYPES = YES;
				CLANG_WARN_SUSPICIOUS_MOVE = YES;
				CLANG_WARN_UNGUARDED_AVAILABILITY = YES_AGGRESSIVE;
				CLANG_WARN_UNREACHABLE_CODE = YES;
				CLANG_WARN__DUPLICATE_METHOD_MATCH = YES;
				COPY_PHASE_STRIP = NO;
				DEBUG_INFORMATION_FORMAT = "dwarf-with-dsym";
				ENABLE_NS_ASSERTIONS = NO;
				ENABLE_STRICT_OBJC_MSGSEND = YES;
				GCC_C_LANGUAGE_STANDARD = gnu11;
				GCC_NO_COMMON_BLOCKS = YES;
				GCC_WARN_64_TO_32_BIT_CONVERSION = YES;
				GCC_WARN_ABOUT_RETURN_TYPE = YES_ERROR;
				GCC_WARN_UNDECLARED_SELECTOR = YES;
				GCC_WARN_UNINITIALIZED_AUTOS = YES_AGGRESSIVE;
				GCC_WARN_UNUSED_FUNCTION = YES;
				GCC_WARN_UNUSED_VARIABLE = YES;
				IPHONEOS_DEPLOYMENT_TARGET = 15.4;
				MTL_ENABLE_DEBUG_INFO = NO;
				MTL_FAST_MATH = YES;
				SDKROOT = iphoneos;
				SWIFT_COMPILATION_MODE = wholemodule;
				SWIFT_OPTIMIZATION_LEVEL = "-O";
				VALIDATE_PRODUCT = YES;
			};
			name = Release;
		};
		9B682502281BE7FE00EA233C /* Debug */ = {
			isa = XCBuildConfiguration;
			buildSettings = {
				ASSETCATALOG_COMPILER_APPICON_NAME = AppIcon;
				ASSETCATALOG_COMPILER_GLOBAL_ACCENT_COLOR_NAME = AccentColor;
				CODE_SIGN_STYLE = Automatic;
				CURRENT_PROJECT_VERSION = 1;
				DEVELOPMENT_TEAM = 6B67846UXJ;
				GENERATE_INFOPLIST_FILE = YES;
				INFOPLIST_FILE = GroceryApp/Info.plist;
				INFOPLIST_KEY_UIApplicationSupportsIndirectInputEvents = YES;
				INFOPLIST_KEY_UILaunchStoryboardName = LaunchScreen;
				INFOPLIST_KEY_UIMainStoryboardFile = Main;
				INFOPLIST_KEY_UISupportedInterfaceOrientations_iPad = "UIInterfaceOrientationPortrait UIInterfaceOrientationPortraitUpsideDown UIInterfaceOrientationLandscapeLeft UIInterfaceOrientationLandscapeRight";
				INFOPLIST_KEY_UISupportedInterfaceOrientations_iPhone = "UIInterfaceOrientationPortrait UIInterfaceOrientationLandscapeLeft UIInterfaceOrientationLandscapeRight";
				LD_RUNPATH_SEARCH_PATHS = (
					"$(inherited)",
					"@executable_path/Frameworks",
				);
				MARKETING_VERSION = 1.0;
				PRODUCT_BUNDLE_IDENTIFIER = learning.GroceryApp;
				PRODUCT_NAME = "$(TARGET_NAME)";
				SWIFT_EMIT_LOC_STRINGS = YES;
				SWIFT_VERSION = 5.0;
				TARGETED_DEVICE_FAMILY = "1,2";
			};
			name = Debug;
		};
		9B682503281BE7FE00EA233C /* Release */ = {
			isa = XCBuildConfiguration;
			buildSettings = {
				ASSETCATALOG_COMPILER_APPICON_NAME = AppIcon;
				ASSETCATALOG_COMPILER_GLOBAL_ACCENT_COLOR_NAME = AccentColor;
				CODE_SIGN_STYLE = Automatic;
				CURRENT_PROJECT_VERSION = 1;
				DEVELOPMENT_TEAM = 6B67846UXJ;
				GENERATE_INFOPLIST_FILE = YES;
				INFOPLIST_FILE = GroceryApp/Info.plist;
				INFOPLIST_KEY_UIApplicationSupportsIndirectInputEvents = YES;
				INFOPLIST_KEY_UILaunchStoryboardName = LaunchScreen;
				INFOPLIST_KEY_UIMainStoryboardFile = Main;
				INFOPLIST_KEY_UISupportedInterfaceOrientations_iPad = "UIInterfaceOrientationPortrait UIInterfaceOrientationPortraitUpsideDown UIInterfaceOrientationLandscapeLeft UIInterfaceOrientationLandscapeRight";
				INFOPLIST_KEY_UISupportedInterfaceOrientations_iPhone = "UIInterfaceOrientationPortrait UIInterfaceOrientationLandscapeLeft UIInterfaceOrientationLandscapeRight";
				LD_RUNPATH_SEARCH_PATHS = (
					"$(inherited)",
					"@executable_path/Frameworks",
				);
				MARKETING_VERSION = 1.0;
				PRODUCT_BUNDLE_IDENTIFIER = learning.GroceryApp;
				PRODUCT_NAME = "$(TARGET_NAME)";
				SWIFT_EMIT_LOC_STRINGS = YES;
				SWIFT_VERSION = 5.0;
				TARGETED_DEVICE_FAMILY = "1,2";
			};
			name = Release;
		};
		9B682505281BE7FE00EA233C /* Debug */ = {
			isa = XCBuildConfiguration;
			buildSettings = {
				ALWAYS_EMBED_SWIFT_STANDARD_LIBRARIES = YES;
				BUNDLE_LOADER = "$(TEST_HOST)";
				CODE_SIGN_STYLE = Automatic;
				CURRENT_PROJECT_VERSION = 1;
				DEVELOPMENT_TEAM = 6B67846UXJ;
				GENERATE_INFOPLIST_FILE = YES;
				IPHONEOS_DEPLOYMENT_TARGET = 15.4;
				MARKETING_VERSION = 1.0;
				PRODUCT_BUNDLE_IDENTIFIER = learning.GroceryAppTests;
				PRODUCT_NAME = "$(TARGET_NAME)";
				SWIFT_EMIT_LOC_STRINGS = NO;
				SWIFT_VERSION = 5.0;
				TARGETED_DEVICE_FAMILY = "1,2";
				TEST_HOST = "$(BUILT_PRODUCTS_DIR)/GroceryApp.app/GroceryApp";
			};
			name = Debug;
		};
		9B682506281BE7FE00EA233C /* Release */ = {
			isa = XCBuildConfiguration;
			buildSettings = {
				ALWAYS_EMBED_SWIFT_STANDARD_LIBRARIES = YES;
				BUNDLE_LOADER = "$(TEST_HOST)";
				CODE_SIGN_STYLE = Automatic;
				CURRENT_PROJECT_VERSION = 1;
				DEVELOPMENT_TEAM = 6B67846UXJ;
				GENERATE_INFOPLIST_FILE = YES;
				IPHONEOS_DEPLOYMENT_TARGET = 15.4;
				MARKETING_VERSION = 1.0;
				PRODUCT_BUNDLE_IDENTIFIER = learning.GroceryAppTests;
				PRODUCT_NAME = "$(TARGET_NAME)";
				SWIFT_EMIT_LOC_STRINGS = NO;
				SWIFT_VERSION = 5.0;
				TARGETED_DEVICE_FAMILY = "1,2";
				TEST_HOST = "$(BUILT_PRODUCTS_DIR)/GroceryApp.app/GroceryApp";
			};
			name = Release;
		};
		9B682508281BE7FE00EA233C /* Debug */ = {
			isa = XCBuildConfiguration;
			buildSettings = {
				ALWAYS_EMBED_SWIFT_STANDARD_LIBRARIES = YES;
				CODE_SIGN_STYLE = Automatic;
				CURRENT_PROJECT_VERSION = 1;
				DEVELOPMENT_TEAM = 6B67846UXJ;
				GENERATE_INFOPLIST_FILE = YES;
				MARKETING_VERSION = 1.0;
				PRODUCT_BUNDLE_IDENTIFIER = learning.GroceryAppUITests;
				PRODUCT_NAME = "$(TARGET_NAME)";
				SWIFT_EMIT_LOC_STRINGS = NO;
				SWIFT_VERSION = 5.0;
				TARGETED_DEVICE_FAMILY = "1,2";
				TEST_TARGET_NAME = GroceryApp;
			};
			name = Debug;
		};
		9B682509281BE7FE00EA233C /* Release */ = {
			isa = XCBuildConfiguration;
			buildSettings = {
				ALWAYS_EMBED_SWIFT_STANDARD_LIBRARIES = YES;
				CODE_SIGN_STYLE = Automatic;
				CURRENT_PROJECT_VERSION = 1;
				DEVELOPMENT_TEAM = 6B67846UXJ;
				GENERATE_INFOPLIST_FILE = YES;
				MARKETING_VERSION = 1.0;
				PRODUCT_BUNDLE_IDENTIFIER = learning.GroceryAppUITests;
				PRODUCT_NAME = "$(TARGET_NAME)";
				SWIFT_EMIT_LOC_STRINGS = NO;
				SWIFT_VERSION = 5.0;
				TARGETED_DEVICE_FAMILY = "1,2";
				TEST_TARGET_NAME = GroceryApp;
			};
			name = Release;
		};
/* End XCBuildConfiguration section */

/* Begin XCConfigurationList section */
		9B6824CF281BE7FC00EA233C /* Build configuration list for PBXProject "GroceryApp" */ = {
			isa = XCConfigurationList;
			buildConfigurations = (
				9B6824FF281BE7FE00EA233C /* Debug */,
				9B682500281BE7FE00EA233C /* Release */,
			);
			defaultConfigurationIsVisible = 0;
			defaultConfigurationName = Release;
		};
		9B682501281BE7FE00EA233C /* Build configuration list for PBXNativeTarget "GroceryApp" */ = {
			isa = XCConfigurationList;
			buildConfigurations = (
				9B682502281BE7FE00EA233C /* Debug */,
				9B682503281BE7FE00EA233C /* Release */,
			);
			defaultConfigurationIsVisible = 0;
			defaultConfigurationName = Release;
		};
		9B682504281BE7FE00EA233C /* Build configuration list for PBXNativeTarget "GroceryAppTests" */ = {
			isa = XCConfigurationList;
			buildConfigurations = (
				9B682505281BE7FE00EA233C /* Debug */,
				9B682506281BE7FE00EA233C /* Release */,
			);
			defaultConfigurationIsVisible = 0;
			defaultConfigurationName = Release;
		};
		9B682507281BE7FE00EA233C /* Build configuration list for PBXNativeTarget "GroceryAppUITests" */ = {
			isa = XCConfigurationList;
			buildConfigurations = (
				9B682508281BE7FE00EA233C /* Debug */,
				9B682509281BE7FE00EA233C /* Release */,
			);
			defaultConfigurationIsVisible = 0;
			defaultConfigurationName = Release;
		};
/* End XCConfigurationList section */

/* Begin XCVersionGroup section */
		9B6824E0281BE7FC00EA233C /* GroceryApp.xcdatamodeld */ = {
			isa = XCVersionGroup;
			children = (
				9B6824E1281BE7FC00EA233C /* GroceryApp.xcdatamodel */,
			);
			currentVersion = 9B6824E1281BE7FC00EA233C /* GroceryApp.xcdatamodel */;
			path = GroceryApp.xcdatamodeld;
			sourceTree = "<group>";
			versionGroupType = wrapper.xcdatamodel;
		};
/* End XCVersionGroup section */
	};
	rootObject = 9B6824CC281BE7FC00EA233C /* Project object */;
}
